PODS:
  - Flutter (1.0.0)
  - ios_external_link_account (0.0.1):
    - Flutter

DEPENDENCIES:
  - Flutter (from `Flutter`)
  - ios_external_link_account (from `.symlinks/plugins/ios_external_link_account/ios`)

EXTERNAL SOURCES:
  Flutter:
    :path: Flutter
  ios_external_link_account:
    :path: ".symlinks/plugins/ios_external_link_account/ios"

SPEC CHECKSUMS:
  Flutter: f04841e97a9d0b0a8025694d0796dd46242b2854
  ios_external_link_account: d17ad0669026affc03abea66dab689b3df4b52a4

PODFILE CHECKSUM: 775997f741c536251164e3eacf6e34abf2eb7a17

COCOAPODS: 1.11.3
